// !$*UTF8*$!
{
	archiveVersion = 1;
	classes = {
	};
	objectVersion = 50;
	objects = {

/* Begin PBXBuildFile section */
		96AC2B5B22B344CF00646BE8 /* AppDelegate.swift in Sources */ = {isa = PBXBuildFile; fileRef = 96AC2B5A22B344CF00646BE8 /* AppDelegate.swift */; };
		96AC2B5D22B344CF00646BE8 /* ViewController.swift in Sources */ = {isa = PBXBuildFile; fileRef = 96AC2B5C22B344CF00646BE8 /* ViewController.swift */; };
		96AC2B6022B344CF00646BE8 /* Main.storyboard in Resources */ = {isa = PBXBuildFile; fileRef = 96AC2B5E22B344CF00646BE8 /* Main.storyboard */; };
		96AC2B6222B344D000646BE8 /* Assets.xcassets in Resources */ = {isa = PBXBuildFile; fileRef = 96AC2B6122B344D000646BE8 /* Assets.xcassets */; };
		96AC2B6522B344D000646BE8 /* LaunchScreen.storyboard in Resources */ = {isa = PBXBuildFile; fileRef = 96AC2B6322B344D000646BE8 /* LaunchScreen.storyboard */; };
		96AC2B7322B344E600646BE8 /* TryUnitTestTests.swift in Sources */ = {isa = PBXBuildFile; fileRef = 96AC2B7222B344E600646BE8 /* TryUnitTestTests.swift */; };
		96AC2B7B22B3450100646BE8 /* NSArray.swift in Sources */ = {isa = PBXBuildFile; fileRef = 96AC2B7A22B3450100646BE8 /* NSArray.swift */; };
/* End PBXBuildFile section */

/* Begin PBXContainerItemProxy section */
		96AC2B7522B344E600646BE8 /* PBXContainerItemProxy */ = {
			isa = PBXContainerItemProxy;
			containerPortal = 96AC2B4F22B344CE00646BE8 /* Project object */;
			proxyType = 1;
			remoteGlobalIDString = 96AC2B5622B344CE00646BE8;
			remoteInfo = TryUnitTest;
		};
/* End PBXContainerItemProxy section */

/* Begin PBXFileReference section */
		96AC2B5722B344CE00646BE8 /* TryUnitTest.app */ = {isa = PBXFileReference; explicitFileType = wrapper.application; includeInIndex = 0; path = TryUnitTest.app; sourceTree = BUILT_PRODUCTS_DIR; };
		96AC2B5A22B344CF00646BE8 /* AppDelegate.swift */ = {isa = PBXFileReference; lastKnownFileType = sourcecode.swift; path = AppDelegate.swift; sourceTree = "<group>"; };
		96AC2B5C22B344CF00646BE8 /* ViewController.swift */ = {isa = PBXFileReference; lastKnownFileType = sourcecode.swift; path = ViewController.swift; sourceTree = "<group>"; };
		96AC2B5F22B344CF00646BE8 /* Base */ = {isa = PBXFileReference; lastKnownFileType = file.storyboard; name = Base; path = Base.lproj/Main.storyboard; sourceTree = "<group>"; };
		96AC2B6122B344D000646BE8 /* Assets.xcassets */ = {isa = PBXFileReference; lastKnownFileType = folder.assetcatalog; path = Assets.xcassets; sourceTree = "<group>"; };
		96AC2B6422B344D000646BE8 /* Base */ = {isa = PBXFileReference; lastKnownFileType = file.storyboard; name = Base; path = Base.lproj/LaunchScreen.storyboard; sourceTree = "<group>"; };
		96AC2B6622B344D000646BE8 /* Info.plist */ = {isa = PBXFileReference; lastKnownFileType = text.plist.xml; path = Info.plist; sourceTree = "<group>"; };
		96AC2B7022B344E600646BE8 /* TryUnitTestTests.xctest */ = {isa = PBXFileReference; explicitFileType = wrapper.cfbundle; includeInIndex = 0; path = TryUnitTestTests.xctest; sourceTree = BUILT_PRODUCTS_DIR; };
		96AC2B7222B344E600646BE8 /* TryUnitTestTests.swift */ = {isa = PBXFileReference; lastKnownFileType = sourcecode.swift; path = TryUnitTestTests.swift; sourceTree = "<group>"; };
		96AC2B7422B344E600646BE8 /* Info.plist */ = {isa = PBXFileReference; lastKnownFileType = text.plist.xml; path = Info.plist; sourceTree = "<group>"; };
		96AC2B7A22B3450100646BE8 /* NSArray.swift */ = {isa = PBXFileReference; lastKnownFileType = sourcecode.swift; path = NSArray.swift; sourceTree = "<group>"; };
/* End PBXFileReference section */

/* Begin PBXFrameworksBuildPhase section */
		96AC2B5422B344CE00646BE8 /* Frameworks */ = {
			isa = PBXFrameworksBuildPhase;
			buildActionMask = 2147483647;
			files = (
			);
			runOnlyForDeploymentPostprocessing = 0;
		};
		96AC2B6D22B344E600646BE8 /* Frameworks */ = {
			isa = PBXFrameworksBuildPhase;
			buildActionMask = 2147483647;
			files = (
			);
			runOnlyForDeploymentPostprocessing = 0;
		};
/* End PBXFrameworksBuildPhase section */

/* Begin PBXGroup section */
		96AC2B4E22B344CE00646BE8 = {
			isa = PBXGroup;
			children = (
				96AC2B5922B344CE00646BE8 /* TryUnitTest */,
				96AC2B7122B344E600646BE8 /* TryUnitTestTests */,
				96AC2B5822B344CE00646BE8 /* Products */,
			);
			sourceTree = "<group>";
		};
		96AC2B5822B344CE00646BE8 /* Products */ = {
			isa = PBXGroup;
			children = (
				96AC2B5722B344CE00646BE8 /* TryUnitTest.app */,
				96AC2B7022B344E600646BE8 /* TryUnitTestTests.xctest */,
			);
			name = Products;
			sourceTree = "<group>";
		};
		96AC2B5922B344CE00646BE8 /* TryUnitTest */ = {
			isa = PBXGroup;
			children = (
				96AC2B5A22B344CF00646BE8 /* AppDelegate.swift */,
				96AC2B5C22B344CF00646BE8 /* ViewController.swift */,
				96AC2B7A22B3450100646BE8 /* NSArray.swift */,
				96AC2B5E22B344CF00646BE8 /* Main.storyboard */,
				96AC2B6122B344D000646BE8 /* Assets.xcassets */,
				96AC2B6322B344D000646BE8 /* LaunchScreen.storyboard */,
				96AC2B6622B344D000646BE8 /* Info.plist */,
			);
			path = TryUnitTest;
			sourceTree = "<group>";
		};
		96AC2B7122B344E600646BE8 /* TryUnitTestTests */ = {
			isa = PBXGroup;
			children = (
				96AC2B7222B344E600646BE8 /* TryUnitTestTests.swift */,
				96AC2B7422B344E600646BE8 /* Info.plist */,
			);
			path = TryUnitTestTests;
			sourceTree = "<group>";
		};
/* End PBXGroup section */

/* Begin PBXNativeTarget section */
		96AC2B5622B344CE00646BE8 /* TryUnitTest */ = {
			isa = PBXNativeTarget;
			buildConfigurationList = 96AC2B6922B344D000646BE8 /* Build configuration list for PBXNativeTarget "TryUnitTest" */;
			buildPhases = (
				96AC2B5322B344CE00646BE8 /* Sources */,
				96AC2B5422B344CE00646BE8 /* Frameworks */,
				96AC2B5522B344CE00646BE8 /* Resources */,
			);
			buildRules = (
			);
			dependencies = (
			);
			name = TryUnitTest;
			productName = TryUnitTest;
			productReference = 96AC2B5722B344CE00646BE8 /* TryUnitTest.app */;
			productType = "com.apple.product-type.application";
		};
		96AC2B6F22B344E600646BE8 /* TryUnitTestTests */ = {
			isa = PBXNativeTarget;
			buildConfigurationList = 96AC2B7722B344E600646BE8 /* Build configuration list for PBXNativeTarget "TryUnitTestTests" */;
			buildPhases = (
				96AC2B6C22B344E600646BE8 /* Sources */,
				96AC2B6D22B344E600646BE8 /* Frameworks */,
				96AC2B6E22B344E600646BE8 /* Resources */,
			);
			buildRules = (
			);
			dependencies = (
				96AC2B7622B344E600646BE8 /* PBXTargetDependency */,
			);
			name = TryUnitTestTests;
			productName = TryUnitTestTests;
			productReference = 96AC2B7022B344E600646BE8 /* TryUnitTestTests.xctest */;
			productType = "com.apple.product-type.bundle.unit-test";
		};
/* End PBXNativeTarget section */

/* Begin PBXProject section */
		96AC2B4F22B344CE00646BE8 /* Project object */ = {
			isa = PBXProject;
			attributes = {
				LastSwiftUpdateCheck = 1010;
				LastUpgradeCheck = 1010;
				ORGANIZATIONNAME = "RTC-HN154";
				TargetAttributes = {
					96AC2B5622B344CE00646BE8 = {
						CreatedOnToolsVersion = 10.1;
					};
					96AC2B6F22B344E600646BE8 = {
						CreatedOnToolsVersion = 10.1;
						TestTargetID = 96AC2B5622B344CE00646BE8;
					};
				};
			};
			buildConfigurationList = 96AC2B5222B344CE00646BE8 /* Build configuration list for PBXProject "TryUnitTest" */;
			compatibilityVersion = "Xcode 9.3";
			developmentRegion = en;
			hasScannedForEncodings = 0;
			knownRegions = (
				en,
				Base,
			);
			mainGroup = 96AC2B4E22B344CE00646BE8;
			productRefGroup = 96AC2B5822B344CE00646BE8 /* Products */;
			projectDirPath = "";
			projectRoot = "";
			targets = (
				96AC2B5622B344CE00646BE8 /* TryUnitTest */,
				96AC2B6F22B344E600646BE8 /* TryUnitTestTests */,
			);
		};
/* End PBXProject section */

/* Begin PBXResourcesBuildPhase section */
		96AC2B5522B344CE00646BE8 /* Resources */ = {
			isa = PBXResourcesBuildPhase;
			buildActionMask = 2147483647;
			files = (
				96AC2B6522B344D000646BE8 /* LaunchScreen.storyboard in Resources */,
				96AC2B6222B344D000646BE8 /* Assets.xcassets in Resources */,
				96AC2B6022B344CF00646BE8 /* Main.storyboard in Resources */,
			);
			runOnlyForDeploymentPostprocessing = 0;
		};
		96AC2B6E22B344E600646BE8 /* Resources */ = {
			isa = PBXResourcesBuildPhase;
			buildActionMask = 2147483647;
			files = (
			);
			runOnlyForDeploymentPostprocessing = 0;
		};
/* End PBXResourcesBuildPhase section */

/* Begin PBXSourcesBuildPhase section */
		96AC2B5322B344CE00646BE8 /* Sources */ = {
			isa = PBXSourcesBuildPhase;
			buildActionMask = 2147483647;
			files = (
				96AC2B7B22B3450100646BE8 /* NSArray.swift in Sources */,
				96AC2B5D22B344CF00646BE8 /* ViewController.swift in Sources */,
				96AC2B5B22B344CF00646BE8 /* AppDelegate.swift in Sources */,
			);
			runOnlyForDeploymentPostprocessing = 0;
		};
		96AC2B6C22B344E600646BE8 /* Sources */ = {
			isa = PBXSourcesBuildPhase;
			buildActionMask = 2147483647;
			files = (
				96AC2B7322B344E600646BE8 /* TryUnitTestTests.swift in Sources */,
			);
			runOnlyForDeploymentPostprocessing = 0;
		};
/* End PBXSourcesBuildPhase section */

/* Begin PBXTargetDependency section */
		96AC2B7622B344E600646BE8 /* PBXTargetDependency */ = {
			isa = PBXTargetDependency;
			target = 96AC2B5622B344CE00646BE8 /* TryUnitTest */;
			targetProxy = 96AC2B7522B344E600646BE8 /* PBXContainerItemProxy */;
		};
/* End PBXTargetDependency section */

/* Begin PBXVariantGroup section */
		96AC2B5E22B344CF00646BE8 /* Main.storyboard */ = {
			isa = PBXVariantGroup;
			children = (
				96AC2B5F22B344CF00646BE8 /* Base */,
			);
			name = Main.storyboard;
			sourceTree = "<group>";
		};
		96AC2B6322B344D000646BE8 /* LaunchScreen.storyboard */ = {
			isa = PBXVariantGroup;
			children = (
				96AC2B6422B344D000646BE8 /* Base */,
			);
			name = LaunchScreen.storyboard;
			sourceTree = "<group>";
		};
/* End PBXVariantGroup section */

/* Begin XCBuildConfiguration section */
		96AC2B6722B344D000646BE8 /* Debug */ = {
			isa = XCBuildConfiguration;
			buildSettings = {
				ALWAYS_SEARCH_USER_PATHS = NO;
				CLANG_ANALYZER_NONNULL = YES;
				CLANG_ANALYZER_NUMBER_OBJECT_CONVERSION = YES_AGGRESSIVE;
				CLANG_CXX_LANGUAGE_STANDARD = "gnu++14";
				CLANG_CXX_LIBRARY = "libc++";
				CLANG_ENABLE_MODULES = YES;
				CLANG_ENABLE_OBJC_ARC = YES;
				CLANG_ENABLE_OBJC_WEAK = YES;
				CLANG_WARN_BLOCK_CAPTURE_AUTORELEASING = YES;
				CLANG_WARN_BOOL_CONVERSION = YES;
				CLANG_WARN_COMMA = YES;
				CLANG_WARN_CONSTANT_CONVERSION = YES;
				CLANG_WARN_DEPRECATED_OBJC_IMPLEMENTATIONS = YES;
				CLANG_WARN_DIRECT_OBJC_ISA_USAGE = YES_ERROR;
				CLANG_WARN_DOCUMENTATION_COMMENTS = YES;
				CLANG_WARN_EMPTY_BODY = YES;
				CLANG_WARN_ENUM_CONVERSION = YES;
				CLANG_WARN_INFINITE_RECURSION = YES;
				CLANG_WARN_INT_CONVERSION = YES;
				CLANG_WARN_NON_LITERAL_NULL_CONVERSION = YES;
				CLANG_WARN_OBJC_IMPLICIT_RETAIN_SELF = YES;
				CLANG_WARN_OBJC_LITERAL_CONVERSION = YES;
				CLANG_WARN_OBJC_ROOT_CLASS = YES_ERROR;
				CLANG_WARN_RANGE_LOOP_ANALYSIS = YES;
				CLANG_WARN_STRICT_PROTOTYPES = YES;
				CLANG_WARN_SUSPICIOUS_MOVE = YES;
				CLANG_WARN_UNGUARDED_AVAILABILITY = YES_AGGRESSIVE;
				CLANG_WARN_UNREACHABLE_CODE = YES;
				CLANG_WARN__DUPLICATE_METHOD_MATCH = YES;
				CODE_SIGN_IDENTITY = "iPhone Developer";
				COPY_PHASE_STRIP = NO;
				DEBUG_INFORMATION_FORMAT = dwarf;
				ENABLE_STRICT_OBJC_MSGSEND = YES;
				ENABLE_TESTABILITY = YES;
				GCC_C_LANGUAGE_STANDARD = gnu11;
				GCC_DYNAMIC_NO_PIC = NO;
				GCC_NO_COMMON_BLOCKS = YES;
				GCC_OPTIMIZATION_LEVEL = 0;
				GCC_PREPROCESSOR_DEFINITIONS = (
					"DEBUG=1",
					"$(inherited)",
				);
				GCC_WARN_64_TO_32_BIT_CONVERSION = YES;
				GCC_WARN_ABOUT_RETURN_TYPE = YES_ERROR;
				GCC_WARN_UNDECLARED_SELECTOR = YES;
				GCC_WARN_UNINITIALIZED_AUTOS = YES_AGGRESSIVE;
				GCC_WARN_UNUSED_FUNCTION = YES;
				GCC_WARN_UNUSED_VARIABLE = YES;
				IPHONEOS_DEPLOYMENT_TARGET = 12.1;
				MTL_ENABLE_DEBUG_INFO = INCLUDE_SOURCE;
				MTL_FAST_MATH = YES;
				ONLY_ACTIVE_ARCH = YES;
				SDKROOT = iphoneos;
				SWIFT_ACTIVE_COMPILATION_CONDITIONS = DEBUG;
				SWIFT_OPTIMIZATION_LEVEL = "-Onone";
			};
			name = Debug;
		};
		96AC2B6822B344D000646BE8 /* Release */ = {
			isa = XCBuildConfiguration;
			buildSettings = {
				ALWAYS_SEARCH_USER_PATHS = NO;
				CLANG_ANALYZER_NONNULL = YES;
				CLANG_ANALYZER_NUMBER_OBJECT_CONVERSION = YES_AGGRESSIVE;
				CLANG_CXX_LANGUAGE_STANDARD = "gnu++14";
				CLANG_CXX_LIBRARY = "libc++";
				CLANG_ENABLE_MODULES = YES;
				CLANG_ENABLE_OBJC_ARC = YES;
				CLANG_ENABLE_OBJC_WEAK = YES;
				CLANG_WARN_BLOCK_CAPTURE_AUTORELEASING = YES;
				CLANG_WARN_BOOL_CONVERSION = YES;
				CLANG_WARN_COMMA = YES;
				CLANG_WARN_CONSTANT_CONVERSION = YES;
				CLANG_WARN_DEPRECATED_OBJC_IMPLEMENTATIONS = YES;
				CLANG_WARN_DIRECT_OBJC_ISA_USAGE = YES_ERROR;
				CLANG_WARN_DOCUMENTATION_COMMENTS = YES;
				CLANG_WARN_EMPTY_BODY = YES;
				CLANG_WARN_ENUM_CONVERSION = YES;
				CLANG_WARN_INFINITE_RECURSION = YES;
				CLANG_WARN_INT_CONVERSION = YES;
				CLANG_WARN_NON_LITERAL_NULL_CONVERSION = YES;
				CLANG_WARN_OBJC_IMPLICIT_RETAIN_SELF = YES;
				CLANG_WARN_OBJC_LITERAL_CONVERSION = YES;
				CLANG_WARN_OBJC_ROOT_CLASS = YES_ERROR;
				CLANG_WARN_RANGE_LOOP_ANALYSIS = YES;
				CLANG_WARN_STRICT_PROTOTYPES = YES;
				CLANG_WARN_SUSPICIOUS_MOVE = YES;
				CLANG_WARN_UNGUARDED_AVAILABILITY = YES_AGGRESSIVE;
				CLANG_WARN_UNREACHABLE_CODE = YES;
				CLANG_WARN__DUPLICATE_METHOD_MATCH = YES;
				CODE_SIGN_IDENTITY = "iPhone Developer";
				COPY_PHASE_STRIP = NO;
				DEBUG_INFORMATION_FORMAT = "dwarf-with-dsym";
				ENABLE_NS_ASSERTIONS = NO;
				ENABLE_STRICT_OBJC_MSGSEND = YES;
				GCC_C_LANGUAGE_STANDARD = gnu11;
				GCC_NO_COMMON_BLOCKS = YES;
				GCC_WARN_64_TO_32_BIT_CONVERSION = YES;
				GCC_WARN_ABOUT_RETURN_TYPE = YES_ERROR;
				GCC_WARN_UNDECLARED_SELECTOR = YES;
				GCC_WARN_UNINITIALIZED_AUTOS = YES_AGGRESSIVE;
				GCC_WARN_UNUSED_FUNCTION = YES;
				GCC_WARN_UNUSED_VARIABLE = YES;
				IPHONEOS_DEPLOYMENT_TARGET = 12.1;
				MTL_ENABLE_DEBUG_INFO = NO;
				MTL_FAST_MATH = YES;
				SDKROOT = iphoneos;
				SWIFT_COMPILATION_MODE = wholemodule;
				SWIFT_OPTIMIZATION_LEVEL = "-O";
				VALIDATE_PRODUCT = YES;
			};
			name = Release;
		};
		96AC2B6A22B344D000646BE8 /* Debug */ = {
			isa = XCBuildConfiguration;
			buildSettings = {
				ASSETCATALOG_COMPILER_APPICON_NAME = AppIcon;
				CODE_SIGN_STYLE = Automatic;
				INFOPLIST_FILE = TryUnitTest/Info.plist;
				LD_RUNPATH_SEARCH_PATHS = (
					"$(inherited)",
					"@executable_path/Frameworks",
				);
				PRODUCT_BUNDLE_IDENTIFIER = "-.TryUnitTest";
				PRODUCT_NAME = "$(TARGET_NAME)";
				SWIFT_VERSION = 4.2;
				TARGETED_DEVICE_FAMILY = "1,2";
			};
			name = Debug;
		};
		96AC2B6B22B344D000646BE8 /* Release */ = {
			isa = XCBuildConfiguration;
			buildSettings = {
				ASSETCATALOG_COMPILER_APPICON_NAME = AppIcon;
				CODE_SIGN_STYLE = Automatic;
				INFOPLIST_FILE = TryUnitTest/Info.plist;
				LD_RUNPATH_SEARCH_PATHS = (
					"$(inherited)",
					"@executable_path/Frameworks",
				);
				PRODUCT_BUNDLE_IDENTIFIER = "-.TryUnitTest";
				PRODUCT_NAME = "$(TARGET_NAME)";
				SWIFT_VERSION = 4.2;
				TARGETED_DEVICE_FAMILY = "1,2";
			};
			name = Release;
		};
		96AC2B7822B344E600646BE8 /* Debug */ = {
			isa = XCBuildConfiguration;
			buildSettings = {
				BUNDLE_LOADER = "$(TEST_HOST)";
				CODE_SIGN_STYLE = Automatic;
				INFOPLIST_FILE = TryUnitTestTests/Info.plist;
				LD_RUNPATH_SEARCH_PATHS = (
					"$(inherited)",
					"@executable_path/Frameworks",
					"@loader_path/Frameworks",
				);
				PRODUCT_BUNDLE_IDENTIFIER = "-.TryUnitTestTests";
				PRODUCT_NAME = "$(TARGET_NAME)";
				SWIFT_VERSION = 4.2;
				TARGETED_DEVICE_FAMILY = "1,2";
				TEST_HOST = "$(BUILT_PRODUCTS_DIR)/TryUnitTest.app/TryUnitTest";
			};
			name = Debug;
		};
		96AC2B7922B344E600646BE8 /* Release */ = {
			isa = XCBuildConfiguration;
			buildSettings = {
				BUNDLE_LOADER = "$(TEST_HOST)";
				CODE_SIGN_STYLE = Automatic;
				INFOPLIST_FILE = TryUnitTestTests/Info.plist;
				LD_RUNPATH_SEARCH_PATHS = (
					"$(inherited)",
					"@executable_path/Frameworks",
					"@loader_path/Frameworks",
				);
				PRODUCT_BUNDLE_IDENTIFIER = "-.TryUnitTestTests";
				PRODUCT_NAME = "$(TARGET_NAME)";
				SWIFT_VERSION = 4.2;
				TARGETED_DEVICE_FAMILY = "1,2";
				TEST_HOST = "$(BUILT_PRODUCTS_DIR)/TryUnitTest.app/TryUnitTest";
			};
			name = Release;
		};
/* End XCBuildConfiguration section */

/* Begin XCConfigurationList section */
		96AC2B5222B344CE00646BE8 /* Build configuration list for PBXProject "TryUnitTest" */ = {
			isa = XCConfigurationList;
			buildConfigurations = (
				96AC2B6722B344D000646BE8 /* Debug */,
				96AC2B6822B344D000646BE8 /* Release */,
			);
			defaultConfigurationIsVisible = 0;
			defaultConfigurationName = Release;
		};
		96AC2B6922B344D000646BE8 /* Build configuration list for PBXNativeTarget "TryUnitTest" */ = {
			isa = XCConfigurationList;
			buildConfigurations = (
				96AC2B6A22B344D000646BE8 /* Debug */,
				96AC2B6B22B344D000646BE8 /* Release */,
			);
			defaultConfigurationIsVisible = 0;
			defaultConfigurationName = Release;
		};
		96AC2B7722B344E600646BE8 /* Build configuration list for PBXNativeTarget "TryUnitTestTests" */ = {
			isa = XCConfigurationList;
			buildConfigurations = (
				96AC2B7822B344E600646BE8 /* Debug */,
				96AC2B7922B344E600646BE8 /* Release */,
			);
			defaultConfigurationIsVisible = 0;
			defaultConfigurationName = Release;
		};
/* End XCConfigurationList section */
	};
	rootObject = 96AC2B4F22B344CE00646BE8 /* Project object */;
}
